
Microsoft Visual Studio Solution File, Format Version 12.00
# Visual Studio Version 17
VisualStudioVersion = 17.0.31903.59
MinimumVisualStudioVersion = 10.0.40219.1
Project("{FAE04EC0-301F-11D3-BF4B-00C04F79EFBC}") = "PaymentContext.Domain", "PaymentContext.Domain\PaymentContext.Domain.csproj", "{91C138A9-4121-4308-A626-30695660C353}"
EndProject
Project("{FAE04EC0-301F-11D3-BF4B-00C04F79EFBC}") = "PaymentContext.Shared", "PaymentContext.Shared\PaymentContext.Shared.csproj", "{C86EFE78-085C-4B3B-BAA6-DAD8F466BFDE}"
EndProject
Project("{FAE04EC0-301F-11D3-BF4B-00C04F79EFBC}") = "PaymentContext.Tests", "PaymentContext.Tests\PaymentContext.Tests.csproj", "{030A7204-3A1F-4945-B4DD-44FFE3B5E5EC}"
EndProject
Global
	GlobalSection(SolutionConfigurationPlatforms) = preSolution
		Debug|Any CPU = Debug|Any CPU
		Release|Any CPU = Release|Any CPU
	EndGlobalSection
	GlobalSection(SolutionProperties) = preSolution
		HideSolutionNode = FALSE
	EndGlobalSection
	GlobalSection(ProjectConfigurationPlatforms) = postSolution
		{91C138A9-4121-4308-A626-30695660C353}.Debug|Any CPU.ActiveCfg = Debug|Any CPU
		{91C138A9-4121-4308-A626-30695660C353}.Debug|Any CPU.Build.0 = Debug|Any CPU
		{91C138A9-4121-4308-A626-30695660C353}.Release|Any CPU.ActiveCfg = Release|Any CPU
		{91C138A9-4121-4308-A626-30695660C353}.Release|Any CPU.Build.0 = Release|Any CPU
		{C86EFE78-085C-4B3B-BAA6-DAD8F466BFDE}.Debug|Any CPU.ActiveCfg = Debug|Any CPU
		{C86EFE78-085C-4B3B-BAA6-DAD8F466BFDE}.Debug|Any CPU.Build.0 = Debug|Any CPU
		{C86EFE78-085C-4B3B-BAA6-DAD8F466BFDE}.Release|Any CPU.ActiveCfg = Release|Any CPU
		{C86EFE78-085C-4B3B-BAA6-DAD8F466BFDE}.Release|Any CPU.Build.0 = Release|Any CPU
		{030A7204-3A1F-4945-B4DD-44FFE3B5E5EC}.Debug|Any CPU.ActiveCfg = Debug|Any CPU
		{030A7204-3A1F-4945-B4DD-44FFE3B5E5EC}.Debug|Any CPU.Build.0 = Debug|Any CPU
		{030A7204-3A1F-4945-B4DD-44FFE3B5E5EC}.Release|Any CPU.ActiveCfg = Release|Any CPU
		{030A7204-3A1F-4945-B4DD-44FFE3B5E5EC}.Release|Any CPU.Build.0 = Release|Any CPU
	EndGlobalSection
EndGlobal
